#MicroXplorer Configuration settings - do not modify
ADC1.Channel-0\#ChannelRegularConversion=ADC_CHANNEL_13
ADC1.CommonPathInternal=ADC_INTERNAL_NONE
ADC1.IPParameters=Rank-0\#ChannelRegularConversion,Channel-0\#ChannelRegularConversion,SamplingTime-0\#ChannelRegularConversion,OffsetNumber-0\#ChannelRegularConversion,NbrOfConversionFlag,master,CommonPathInternal
ADC1.NbrOfConversionFlag=1
ADC1.OffsetNumber-0\#ChannelRegularConversion=ADC_OFFSET_NONE
ADC1.Rank-0\#ChannelRegularConversion=1
ADC1.SamplingTime-0\#ChannelRegularConversion=ADC_SAMPLETIME_1CYCLE_5
ADC1.master=1
BootLoader.IPs=DDR,RCC,SDMMC2,UART4,USART1
BootROM.IPs=RCC,SDMMC2,UART4
CortexA7NS.IPs=IWDG2\:I,BSEC,DDR\:I,ETZPC,HSEM\:I,IPCC\:I,PWR,RCC\:I,RTC,TAMP\:I,DMA\:I,GIC,HDMI_CEC\:I,USBH_HS1\:I,USB_OTG_HS\:I,SDMMC2\:I,SDMMC3\:I,FDCAN2\:I,GPU\:I,DSIHOST\:I,SAI2\:I,ETH1\:I,LTDC\:I,ADC1\:I,ADC2\:I,UART5\:I,UART4\:I,I2C4\:I,SAI1\:I,USART1\:I,FDCAN1\:I,DTS\:I,TIM4\:I,TIM2\:I,DMA1\:I,MDMA_A7NS\:I
CortexA7S.IPs=BSEC\:I,DDR,ETZPC\:I,HSEM,PWR\:I,RCC,RNG1\:I,RTC\:I,TAMP,GIC\:I,IWDG2,MDMA_A7S\:I
CortexM4.IPs=IPCC,ETZPC,FREERTOS\:I,HSEM,PWR,RCC,SYS\:I,DMA,NVIC\:I,DMA2\:I
DDR.ADDRMAP1=0x00070707
DDR.ADDRMAP3=0x1F000000
DDR.ADDRMAP5=0x06060606
DDR.ADDRMAP6=0x06060606
DDR.CL=6
DDR.CWL=5
DDR.DDR_Frequency=400.0
DDR.DRAMTMG0=0x0F141B0F
DDR.DRAMTMG1=0x000A0415
DDR.DRAMTMG2=0x0506080E
DDR.DRAMTMG4=0x06040406
DDR.DRAMTMG5=0x05050403
DDR.DTPR0=0x2A8F66D0
DDR.DTPR1=0x096800A0
DDR.DTPR2=0x10022A00
DDR.IPParameters=DDR_Frequency,CL,RL,CWL,WL,addrmap_col_b9,addrmap_col_b10,addrmap_col_b11,addrmap_bank_b0,addrmap_bank_b1,addrmap_bank_b2,addrmap_row_b0,addrmap_row_b1,addrmap_row_b2_10,addrmap_row_b11,addrmap_row_b12,addrmap_row_b13,addrmap_row_b14,addrmap_row_b15,MSTR,RFSHTMG,DRAMTMG0,DRAMTMG1,DRAMTMG2,DRAMTMG4,DRAMTMG5,SCHED,ADDRMAP1,ADDRMAP3,ADDRMAP5,ADDRMAP6,PTR0,PTR1,PTR2,DTPR0,DTPR1,DTPR2,MR0,MR2
DDR.MR0=0x00000420
DDR.MR2=0x00000200
DDR.MSTR=0x00041401
DDR.PTR0=0x00220014
DDR.PTR1=0x03630D40
DDR.PTR2=0x042D3880
DDR.RFSHTMG=0x00610068
DDR.RL=6
DDR.SCHED=0x00000C01
DDR.WL=5
DDR.addrmap_bank_b0=7
DDR.addrmap_bank_b1=7
DDR.addrmap_bank_b2=7
DDR.addrmap_col_b10=31
DDR.addrmap_col_b11=31
DDR.addrmap_col_b9=31
DDR.addrmap_row_b0=6
DDR.addrmap_row_b1=6
DDR.addrmap_row_b11=6
DDR.addrmap_row_b12=6
DDR.addrmap_row_b13=6
DDR.addrmap_row_b14=6
DDR.addrmap_row_b15=6
DDR.addrmap_row_b2_10=6
DDR_A0.Mode=DDR3
DDR_A0.Signal=DDR_A0
DDR_A1.Mode=DDR3
DDR_A1.Signal=DDR_A1
DDR_A10.Mode=DDR3
DDR_A10.Signal=DDR_A10
DDR_A11.Mode=DDR3
DDR_A11.Signal=DDR_A11
DDR_A12.Mode=8Gb_16bits
DDR_A12.Signal=DDR_A12
DDR_A13.Mode=8Gb_16bits
DDR_A13.Signal=DDR_A13
DDR_A14.Mode=8Gb_16bits
DDR_A14.Signal=DDR_A14
DDR_A15.Mode=8Gb_16bits
DDR_A15.Signal=DDR_A15
DDR_A2.Mode=DDR3
DDR_A2.Signal=DDR_A2
DDR_A3.Mode=DDR3
DDR_A3.Signal=DDR_A3
DDR_A4.Mode=DDR3
DDR_A4.Signal=DDR_A4
DDR_A5.Mode=DDR3
DDR_A5.Signal=DDR_A5
DDR_A6.Mode=DDR3
DDR_A6.Signal=DDR_A6
DDR_A7.Mode=DDR3
DDR_A7.Signal=DDR_A7
DDR_A8.Mode=DDR3
DDR_A8.Signal=DDR_A8
DDR_A9.Mode=DDR3
DDR_A9.Signal=DDR_A9
DDR_ATO.Mode=DDR3
DDR_ATO.Signal=DDR_ATO
DDR_BA0.Mode=DDR3
DDR_BA0.Signal=DDR_BA0
DDR_BA1.Mode=DDR3
DDR_BA1.Signal=DDR_BA1
DDR_BA2.Mode=DDR3
DDR_BA2.Signal=DDR_BA2
DDR_CASN.Mode=DDR3
DDR_CASN.Signal=DDR_CASN
DDR_CKE.Mode=DDR3
DDR_CKE.Signal=DDR_CKE
DDR_CLKN.Mode=DDR3
DDR_CLKN.Signal=DDR_CLKN
DDR_CLKP.Mode=DDR3
DDR_CLKP.Signal=DDR_CLKP
DDR_CSN.Mode=DDR3
DDR_CSN.Signal=DDR_CSN
DDR_DQ0.Mode=DDR3
DDR_DQ0.Signal=DDR_DQ0
DDR_DQ1.Mode=DDR3
DDR_DQ1.Signal=DDR_DQ1
DDR_DQ10.Mode=DDR3
DDR_DQ10.Signal=DDR_DQ10
DDR_DQ11.Mode=DDR3
DDR_DQ11.Signal=DDR_DQ11
DDR_DQ12.Mode=DDR3
DDR_DQ12.Signal=DDR_DQ12
DDR_DQ13.Mode=DDR3
DDR_DQ13.Signal=DDR_DQ13
DDR_DQ14.Mode=DDR3
DDR_DQ14.Signal=DDR_DQ14
DDR_DQ15.Mode=DDR3
DDR_DQ15.Signal=DDR_DQ15
DDR_DQ2.Mode=DDR3
DDR_DQ2.Signal=DDR_DQ2
DDR_DQ3.Mode=DDR3
DDR_DQ3.Signal=DDR_DQ3
DDR_DQ4.Mode=DDR3
DDR_DQ4.Signal=DDR_DQ4
DDR_DQ5.Mode=DDR3
DDR_DQ5.Signal=DDR_DQ5
DDR_DQ6.Mode=DDR3
DDR_DQ6.Signal=DDR_DQ6
DDR_DQ7.Mode=DDR3
DDR_DQ7.Signal=DDR_DQ7
DDR_DQ8.Mode=DDR3
DDR_DQ8.Signal=DDR_DQ8
DDR_DQ9.Mode=DDR3
DDR_DQ9.Signal=DDR_DQ9
DDR_DQM0.Mode=DDR3
DDR_DQM0.Signal=DDR_DQM0
DDR_DQM1.Mode=DDR3
DDR_DQM1.Signal=DDR_DQM1
DDR_DQS0N.Mode=DDR3
DDR_DQS0N.Signal=DDR_DQS0N
DDR_DQS0P.Mode=DDR3
DDR_DQS0P.Signal=DDR_DQS0P
DDR_DQS1N.Mode=DDR3
DDR_DQS1N.Signal=DDR_DQS1N
DDR_DQS1P.Mode=DDR3
DDR_DQS1P.Signal=DDR_DQS1P
DDR_DTO0.Mode=DDR3
DDR_DTO0.Signal=DDR_DTO0
DDR_DTO1.Mode=DDR3
DDR_DTO1.Signal=DDR_DTO1
DDR_ODT.Mode=DDR3
DDR_ODT.Signal=DDR_ODT
DDR_RASN.Mode=DDR3
DDR_RASN.Signal=DDR_RASN
DDR_RESETN.Mode=DDR3
DDR_RESETN.Signal=DDR_RESETN
DDR_VREF.Mode=DDR3
DDR_VREF.Signal=DDR_VREF
DDR_WEN.Mode=DDR3
DDR_WEN.Signal=DDR_WEN
DDR_ZQ.Mode=DDR3
DDR_ZQ.Signal=DDR_ZQ
Dma.Request0=SAI2_A
Dma.Request1=SAI1_A
Dma.Request2=SAI1_B
Dma.Request3=SAI2_B
Dma.RequestsNb=4
Dma.SAI1_A.1.Direction=DMA_PERIPH_TO_MEMORY
Dma.SAI1_A.1.EventEnable=DISABLE
Dma.SAI1_A.1.FIFOMode=DMA_FIFOMODE_DISABLE
Dma.SAI1_A.1.Instance=DMA1_Stream3
Dma.SAI1_A.1.MDMA_Chaining=ENABLE
Dma.SAI1_A.1.Mandatory=DISABLE
Dma.SAI1_A.1.MemDataAlignment=DMA_MDATAALIGN_WORD
Dma.SAI1_A.1.MemInc=DMA_MINC_ENABLE
Dma.SAI1_A.1.Mode=DMA_NORMAL
Dma.SAI1_A.1.PeriphDataAlignment=DMA_PDATAALIGN_WORD
Dma.SAI1_A.1.PeriphInc=DMA_PINC_DISABLE
Dma.SAI1_A.1.Polarity=HAL_DMAMUX_REQ_GEN_RISING
Dma.SAI1_A.1.Priority=DMA_PRIORITY_LOW
Dma.SAI1_A.1.RequestNumber=1
Dma.SAI1_A.1.RequestParameters=Instance,Direction,PeriphInc,MemInc,PeriphDataAlignment,MemDataAlignment,Mode,Priority,FIFOMode,SignalID,Polarity,RequestNumber,SyncSignalID,SyncPolarity,SyncEnable,EventEnable,SyncRequestNumber,MDMA_Chaining,Mandatory
Dma.SAI1_A.1.SignalID=NONE
Dma.SAI1_A.1.SyncEnable=DISABLE
Dma.SAI1_A.1.SyncPolarity=HAL_DMAMUX_SYNC_NO_EVENT
Dma.SAI1_A.1.SyncRequestNumber=1
Dma.SAI1_A.1.SyncSignalID=NONE
Dma.SAI1_B.2.Direction=DMA_MEMORY_TO_PERIPH
Dma.SAI1_B.2.EventEnable=DISABLE
Dma.SAI1_B.2.FIFOMode=DMA_FIFOMODE_DISABLE
Dma.SAI1_B.2.Instance=DMA1_Stream1
Dma.SAI1_B.2.MDMA_Chaining=ENABLE
Dma.SAI1_B.2.Mandatory=DISABLE
Dma.SAI1_B.2.MemDataAlignment=DMA_MDATAALIGN_WORD
Dma.SAI1_B.2.MemInc=DMA_MINC_ENABLE
Dma.SAI1_B.2.Mode=DMA_NORMAL
Dma.SAI1_B.2.PeriphDataAlignment=DMA_PDATAALIGN_WORD
Dma.SAI1_B.2.PeriphInc=DMA_PINC_DISABLE
Dma.SAI1_B.2.Polarity=HAL_DMAMUX_REQ_GEN_RISING
Dma.SAI1_B.2.Priority=DMA_PRIORITY_LOW
Dma.SAI1_B.2.RequestNumber=1
Dma.SAI1_B.2.RequestParameters=Instance,Direction,PeriphInc,MemInc,PeriphDataAlignment,MemDataAlignment,Mode,Priority,FIFOMode,SignalID,Polarity,RequestNumber,SyncSignalID,SyncPolarity,SyncEnable,EventEnable,SyncRequestNumber,MDMA_Chaining,Mandatory
Dma.SAI1_B.2.SignalID=NONE
Dma.SAI1_B.2.SyncEnable=DISABLE
Dma.SAI1_B.2.SyncPolarity=HAL_DMAMUX_SYNC_NO_EVENT
Dma.SAI1_B.2.SyncRequestNumber=1
Dma.SAI1_B.2.SyncSignalID=NONE
Dma.SAI2_A.0.Direction=DMA_MEMORY_TO_PERIPH
Dma.SAI2_A.0.EventEnable=DISABLE
Dma.SAI2_A.0.FIFOMode=DMA_FIFOMODE_DISABLE
Dma.SAI2_A.0.Instance=DMA1_Stream0
Dma.SAI2_A.0.MDMA_Chaining=ENABLE
Dma.SAI2_A.0.Mandatory=DISABLE
Dma.SAI2_A.0.MemDataAlignment=DMA_MDATAALIGN_WORD
Dma.SAI2_A.0.MemInc=DMA_MINC_ENABLE
Dma.SAI2_A.0.Mode=DMA_NORMAL
Dma.SAI2_A.0.PeriphDataAlignment=DMA_PDATAALIGN_WORD
Dma.SAI2_A.0.PeriphInc=DMA_PINC_DISABLE
Dma.SAI2_A.0.Polarity=HAL_DMAMUX_REQ_GEN_RISING
Dma.SAI2_A.0.Priority=DMA_PRIORITY_LOW
Dma.SAI2_A.0.RequestNumber=1
Dma.SAI2_A.0.RequestParameters=Instance,Direction,PeriphInc,MemInc,PeriphDataAlignment,MemDataAlignment,Mode,Priority,FIFOMode,SignalID,Polarity,RequestNumber,SyncSignalID,SyncPolarity,SyncEnable,EventEnable,SyncRequestNumber,MDMA_Chaining,Mandatory
Dma.SAI2_A.0.SignalID=NONE
Dma.SAI2_A.0.SyncEnable=DISABLE
Dma.SAI2_A.0.SyncPolarity=HAL_DMAMUX_SYNC_NO_EVENT
Dma.SAI2_A.0.SyncRequestNumber=1
Dma.SAI2_A.0.SyncSignalID=NONE
Dma.SAI2_B.3.Direction=DMA_PERIPH_TO_MEMORY
Dma.SAI2_B.3.EventEnable=DISABLE
Dma.SAI2_B.3.FIFOMode=DMA_FIFOMODE_DISABLE
Dma.SAI2_B.3.Instance=DMA1_Stream2
Dma.SAI2_B.3.MDMA_Chaining=ENABLE
Dma.SAI2_B.3.Mandatory=DISABLE
Dma.SAI2_B.3.MemDataAlignment=DMA_MDATAALIGN_WORD
Dma.SAI2_B.3.MemInc=DMA_MINC_ENABLE
Dma.SAI2_B.3.Mode=DMA_NORMAL
Dma.SAI2_B.3.PeriphDataAlignment=DMA_PDATAALIGN_WORD
Dma.SAI2_B.3.PeriphInc=DMA_PINC_DISABLE
Dma.SAI2_B.3.Polarity=HAL_DMAMUX_REQ_GEN_RISING
Dma.SAI2_B.3.Priority=DMA_PRIORITY_LOW
Dma.SAI2_B.3.RequestNumber=1
Dma.SAI2_B.3.RequestParameters=Instance,Direction,PeriphInc,MemInc,PeriphDataAlignment,MemDataAlignment,Mode,Priority,FIFOMode,SignalID,Polarity,RequestNumber,SyncSignalID,SyncPolarity,SyncEnable,EventEnable,SyncRequestNumber,MDMA_Chaining,Mandatory
Dma.SAI2_B.3.SignalID=NONE
Dma.SAI2_B.3.SyncEnable=DISABLE
Dma.SAI2_B.3.SyncPolarity=HAL_DMAMUX_SYNC_NO_EVENT
Dma.SAI2_B.3.SyncRequestNumber=1
Dma.SAI2_B.3.SyncSignalID=NONE
File.Version=6
GIC.ADC1_IRQn=true\:false\:High level
GIC.DMA1_Stream0_IRQn=true\:false\:High level
GIC.DMA1_Stream1_IRQn=true\:false\:High level
GIC.DMA1_Stream2_IRQn=true\:false\:High level
GIC.DMA1_Stream3_IRQn=true\:false\:High level
GIC.DMA1_Stream4_IRQn=true\:false\:High level
GIC.DMA1_Stream5_IRQn=true\:false\:High level
GIC.DMA1_Stream6_IRQn=true\:false\:High level
GIC.DMA1_Stream7_IRQn=true\:false\:High level
GIC.DTS_IRQn=true\:false\:High level
GIC.ETH1_IRQn=true\:false\:High level
GIC.ETH1_WKUP_IRQn=true\:false\:High level
GIC.FDCAN1_IT0_IRQn=true\:false\:High level
GIC.FDCAN1_IT1_IRQn=true\:false\:High level
GIC.FDCAN2_IT0_IRQn=true\:false\:High level
GIC.FDCAN2_IT1_IRQn=true\:false\:High level
GIC.GPU_IRQn=true\:false\:High level
GIC.I2C4_ER_IRQn=true\:false\:High level
GIC.I2C4_EV_IRQn=true\:false\:High level
GIC.IPCC_RX0_IRQn=true\:false\:High level
GIC.IPCC_TX0_IRQn=true\:false\:High level
GIC.LTDC_ER_IRQn=true\:false\:High level
GIC.LTDC_IRQn=true\:false\:High level
GIC.MDMA_IRQn=true\:false\:High level
GIC.OTG_IRQn=true\:false\:High level
GIC.RCC_IRQn=true\:false\:High level
GIC.RTC_WKUP_ALARM_IRQn=true\:false\:High level
GIC.SAI1_IRQn=true\:false\:High level
GIC.SAI2_IRQn=true\:false\:High level
GIC.SDMMC2_IRQn=true\:false\:High level
GIC.SDMMC3_IRQn=true\:false\:High level
GIC.UART4_IRQn=true\:false\:High level
GIC.UART5_IRQn=true\:false\:High level
GIC.USART1_IRQn=true\:false\:High level
GIC.USBH_OHCI_IRQn=true\:false\:High level
GIC.WAKEUP_PIN_IRQn=true\:false\:High level
GPIO.groupedBy=Show All
KeepUserPlacement=false
Mcu.Context0=BootROM
Mcu.Context1=BootLoader
Mcu.Context2=CortexA7S
Mcu.Context3=CortexA7NS
Mcu.Context4=CortexM4
Mcu.ContextNb=5
Mcu.Family=STM32MP1
Mcu.IP0=ADC1
Mcu.IP1=BSEC
Mcu.IP10=GPU
Mcu.IP11=HSEM
Mcu.IP12=I2C4
Mcu.IP13=IPCC
Mcu.IP14=IWDG2
Mcu.IP15=LTDC
Mcu.IP16=NVIC
Mcu.IP17=PWR
Mcu.IP18=RCC
Mcu.IP19=RTC
Mcu.IP2=DDR
Mcu.IP20=SAI1
Mcu.IP21=SAI2
Mcu.IP22=SDMMC2
Mcu.IP23=SDMMC3
Mcu.IP24=SYS
Mcu.IP25=TAMP
Mcu.IP26=TIM4
Mcu.IP27=UART4
Mcu.IP28=UART5
Mcu.IP29=USART1
Mcu.IP3=DMA
Mcu.IP30=USBH_HS1
Mcu.IP31=USB_OTG_HS
Mcu.IP4=DTS
Mcu.IP5=ETH1
Mcu.IP6=ETZPC
Mcu.IP7=FDCAN1
Mcu.IP8=FDCAN2
Mcu.IP9=GIC
Mcu.IPNb=32
Mcu.Name=STM32MP157AADx
Mcu.Package=TFBGA257
Mcu.Pin0=PD1
Mcu.Pin1=PB7
Mcu.Pin10=PD7
Mcu.Pin100=PB8
Mcu.Pin101=PB5
Mcu.Pin102=PG8
Mcu.Pin103=PF8
Mcu.Pin104=PF9
Mcu.Pin105=USB_DP2
Mcu.Pin106=PG7
Mcu.Pin107=PB2
Mcu.Pin108=USB_DP1
Mcu.Pin109=PA12
Mcu.Pin11=PA15
Mcu.Pin110=OTG_VBUS
Mcu.Pin111=DDR_DQ15
Mcu.Pin112=DDR_DQM1
Mcu.Pin113=DDR_DQS1P
Mcu.Pin114=PA7
Mcu.Pin115=PA6
Mcu.Pin116=PF11
Mcu.Pin117=PF7
Mcu.Pin118=PG9
Mcu.Pin119=USB_DM2
Mcu.Pin12=PG6
Mcu.Pin120=PB6
Mcu.Pin121=USB_DM1
Mcu.Pin122=DDR_VREF
Mcu.Pin123=DDR_DQ12
Mcu.Pin124=DDR_DQ11
Mcu.Pin125=PD10
Mcu.Pin126=PE3
Mcu.Pin127=PB14
Mcu.Pin128=PD2
Mcu.Pin129=DDR_ZQ
Mcu.Pin13=PB4
Mcu.Pin130=DDR_A7
Mcu.Pin131=PD6
Mcu.Pin132=PE14
Mcu.Pin133=PC12
Mcu.Pin134=PD9
Mcu.Pin135=PD15
Mcu.Pin136=DDR_DTO1
Mcu.Pin137=DDR_A5
Mcu.Pin138=DDR_DTO0
Mcu.Pin139=PD14
Mcu.Pin14=PE5
Mcu.Pin140=DDR_RASN
Mcu.Pin141=DDR_ATO
Mcu.Pin142=DDR_A6
Mcu.Pin143=PA5
Mcu.Pin144=PA4
Mcu.Pin145=PB13
Mcu.Pin146=VP_BSEC_VS_BSEC
Mcu.Pin147=VP_DDR_DDR3
Mcu.Pin148=VP_DDR_DDR_16_bits
Mcu.Pin149=VP_DDR_DDR3_16_8Gb
Mcu.Pin15=PA8
Mcu.Pin150=VP_DTS_VS_DTS
Mcu.Pin151=VP_ETZPC_VS_ETZPC
Mcu.Pin152=VP_GPU_VS_GPU
Mcu.Pin153=VP_HSEM_VS_HSEM
Mcu.Pin154=VP_IPCC_VS_IPCC
Mcu.Pin155=VP_IWDG2_VS_IWDG
Mcu.Pin156=VP_PWR_V_PVD_IN
Mcu.Pin157=VP_RTC_VS_RTC_Activate
Mcu.Pin158=VP_SYS_VS_Systick
Mcu.Pin159=VP_TAMP_VS_TAMP_Activate
Mcu.Pin16=PC9
Mcu.Pin160=VP_DMA_VS_DMA1_A7NS
Mcu.Pin161=VP_DMA_VS_DMA2_M4
Mcu.Pin162=VP_MDMA_VS_MDMA_A7NS_8
Mcu.Pin17=PC10
Mcu.Pin18=DDR_DQ3
Mcu.Pin19=DDR_DQ7
Mcu.Pin2=PC6
Mcu.Pin20=DDR_DQS0N
Mcu.Pin21=DDR_DQS0P
Mcu.Pin22=PE12
Mcu.Pin23=PE0
Mcu.Pin24=PD4
Mcu.Pin25=PD5
Mcu.Pin26=PD0
Mcu.Pin27=PA9
Mcu.Pin28=PB3
Mcu.Pin29=PB15
Mcu.Pin3=PD3
Mcu.Pin30=PB9
Mcu.Pin31=PC7
Mcu.Pin32=DDR_RESETN
Mcu.Pin33=DDR_DQM0
Mcu.Pin34=DDR_DQ2
Mcu.Pin35=DDR_DQ6
Mcu.Pin36=PG12
Mcu.Pin37=PE11
Mcu.Pin38=PE15
Mcu.Pin39=DDR_DQ4
Mcu.Pin4=PC8
Mcu.Pin40=DDR_DQ5
Mcu.Pin41=PD8
Mcu.Pin42=PE13
Mcu.Pin43=DDR_A13
Mcu.Pin44=DDR_A9
Mcu.Pin45=DDR_A2
Mcu.Pin46=DDR_A3
Mcu.Pin47=PC13
Mcu.Pin48=DDR_A0
Mcu.Pin49=DDR_BA0
Mcu.Pin5=PE4
Mcu.Pin50=DDR_BA2
Mcu.Pin51=DDR_ODT
Mcu.Pin52=DDR_CSN
Mcu.Pin53=DDR_WEN
Mcu.Pin54=DDR_CASN
Mcu.Pin55=DDR_CLKN
Mcu.Pin56=PA13
Mcu.Pin57=DDR_CLKP
Mcu.Pin58=DDR_A15
Mcu.Pin59=DDR_A10
Mcu.Pin6=DDR_DQ0
Mcu.Pin60=DDR_A12
Mcu.Pin61=DDR_A1
Mcu.Pin62=PA3
Mcu.Pin63=PA0
Mcu.Pin64=DDR_A14
Mcu.Pin65=DDR_A11
Mcu.Pin66=PE2
Mcu.Pin67=PC2
Mcu.Pin68=PC3
Mcu.Pin69=DDR_CKE
Mcu.Pin7=DDR_DQ1
Mcu.Pin70=DDR_BA1
Mcu.Pin71=PG14
Mcu.Pin72=PG13
Mcu.Pin73=DDR_A4
Mcu.Pin74=DDR_DQ8
Mcu.Pin75=PA1
Mcu.Pin76=PC1
Mcu.Pin77=PA2
Mcu.Pin78=DDR_A8
Mcu.Pin79=DDR_DQ13
Mcu.Pin8=PG15
Mcu.Pin80=DDR_DQ10
Mcu.Pin81=PB1
Mcu.Pin82=PB0
Mcu.Pin83=PB11
Mcu.Pin84=PC0
Mcu.Pin85=PB10
Mcu.Pin86=PG11
Mcu.Pin87=PG10
Mcu.Pin88=PD11
Mcu.Pin89=PF6
Mcu.Pin9=PE6
Mcu.Pin90=PD13
Mcu.Pin91=PD12
Mcu.Pin92=PA11
Mcu.Pin93=PA10
Mcu.Pin94=DDR_DQ14
Mcu.Pin95=DDR_DQS1N
Mcu.Pin96=DDR_DQ9
Mcu.Pin97=PC5
Mcu.Pin98=PC4
Mcu.Pin99=PB12
Mcu.PinsNb=163
Mcu.ThirdPartyNb=0
Mcu.UserConstants=
Mcu.UserName=STM32MP157AADx
MxCube.Version=6.3.0
MxDb.Version=DB.6.0.30
NVIC.BusFault_IRQn=true\:1\:0\:false\:false\:true\:false\:false
NVIC.DebugMonitor_IRQn=true\:1\:0\:false\:false\:true\:false\:false
NVIC.ForceEnableDMAVector=true
NVIC.HardFault_IRQn=true\:0\:0\:false\:false\:true\:false\:false
NVIC.MemoryManagement_IRQn=true\:1\:0\:false\:false\:true\:false\:false
NVIC.NonMaskableInt_IRQn=true\:0\:0\:false\:false\:true\:false\:false
NVIC.PendSV_IRQn=true\:1\:0\:false\:false\:true\:false\:false
NVIC.PriorityGroup=NVIC_PRIORITYGROUP_4
NVIC.RCC_WAKEUP_IRQn=true\:0\:0\:false\:false\:true\:false\:true
NVIC.SVCall_IRQn=true\:1\:0\:false\:false\:true\:false\:false
NVIC.SysTick_IRQn=true\:15\:0\:false\:false\:true\:false\:true
NVIC.UsageFault_IRQn=true\:1\:0\:false\:false\:true\:false\:false
OTG_VBUS.Mode=Activate_VBUS_FS
OTG_VBUS.Signal=USB_OTG_HS_VBUS
PA0.GPIOParameters=GPIO_Label
PA0.GPIO_Label=ANA_VBUS_FB
PA0.Locked=true
PA0.Mode=IN16-Single-Ended
PA0.Signal=ADC1_INP16
PA1.Mode=ETH Ref Clock Input
PA1.Signal=ETH1_REF_CLK
PA10.Mode=RGB888
PA10.Signal=LTDC_B1
PA11.Locked=true
PA11.Mode=FDCAN_Activate
PA11.Signal=FDCAN1_RX
PA12.Locked=true
PA12.Mode=FDCAN_Activate
PA12.Signal=FDCAN1_TX
PA13.GPIOParameters=GPIO_Label
PA13.GPIO_Label=CAN1_STBY
PA13.Locked=true
PA13.Signal=GPIO_Output
PA15.Locked=true
PA15.Mode=mmc_8_bits_Wide_bus
PA15.Signal=SDMMC2_D5
PA2.Mode=RMII (Reduced MII)
PA2.Signal=ETH1_MDIO
PA3.Mode=RGB888
PA3.Signal=LTDC_B5
PA4.Locked=true
PA4.Mode=RGB888
PA4.Signal=LTDC_VSYNC
PA5.Locked=true
PA5.Mode=RGB888
PA5.Signal=LTDC_R4
PA6.Mode=RGB888
PA6.Signal=LTDC_G2
PA7.Mode=RMII (Reduced MII)
PA7.Signal=ETH1_CRS_DV
PA8.Locked=true
PA8.Mode=RGB888
PA8.Signal=LTDC_R6
PA9.GPIOParameters=GPIO_Label
PA9.GPIO_Label=WLAN_UART_RX
PA9.Locked=true
PA9.Mode=Asynchronous
PA9.Signal=USART1_TX
PB0.Locked=true
PB0.Mode=RGB888
PB0.Signal=LTDC_R3
PB1.Locked=true
PB1.Signal=ADCx_INP5
PB10.Locked=true
PB10.Mode=RGB888
PB10.Signal=LTDC_G4
PB11.Locked=true
PB11.Mode=RMII (Reduced MII)
PB11.Signal=ETH1_TX_EN
PB12.Locked=true
PB12.Mode=RMII (Reduced MII)
PB12.Signal=ETH1_TXD0
PB13.Locked=true
PB13.Mode=FDCAN_Activate
PB13.Signal=FDCAN2_TX
PB14.Locked=true
PB14.Mode=mmc_8_bits_Wide_bus
PB14.Signal=SDMMC2_D0
PB15.Locked=true
PB15.Mode=mmc_8_bits_Wide_bus
PB15.Signal=SDMMC2_D1
PB2.Locked=true
PB2.Mode=Asynchronous
PB2.Signal=UART4_RX
PB3.Locked=true
PB3.Mode=mmc_8_bits_Wide_bus
PB3.Signal=SDMMC2_D2
PB4.Locked=true
PB4.Mode=mmc_8_bits_Wide_bus
PB4.Signal=SDMMC2_D3
PB5.Mode=FDCAN_Activate
PB5.Signal=FDCAN2_RX
PB6.GPIOParameters=GPIO_Label
PB6.GPIO_Label=BUZZER_PWM
PB6.Locked=true
PB6.Signal=S_TIM4_CH1
PB7.Locked=true
PB7.Mode=Asynchronous
PB7.Signal=USART1_RX
PB8.Locked=true
PB8.Mode=RGB888
PB8.Signal=LTDC_B6
PB9.Locked=true
PB9.Mode=I2C
PB9.Signal=I2C4_SDA
PC0.Locked=true
PC0.Mode=RGB888
PC0.Signal=LTDC_R5
PC1.Mode=RMII (Reduced MII)
PC1.Signal=ETH1_MDC
PC10.Locked=true
PC10.Mode=RGB888
PC10.Signal=LTDC_R2
PC12.Mode=Asynchronous
PC12.Signal=UART5_TX
PC13.GPIOParameters=GPIO_Label
PC13.GPIO_Label=TP_INT
PC13.Mode=WakeUp3
PC13.Signal=PWR_WKUP3
PC2.GPIOParameters=GPIO_Label
PC2.GPIO_Label=ANA_CC1_VFB
PC2.Signal=ADCx_INP12
PC3.GPIOParameters=GPIO_Label
PC3.GPIO_Label=ANA_CC2_VFB
PC3.Signal=ADCx_INP13
PC4.Mode=RMII (Reduced MII)
PC4.Signal=ETH1_RXD0
PC5.Mode=RMII (Reduced MII)
PC5.Signal=ETH1_RXD1
PC6.Locked=true
PC6.Mode=RGB888
PC6.Signal=LTDC_HSYNC
PC7.Mode=RGB888
PC7.Signal=LTDC_G6
PC8.Mode=Hardware Flow Control (RS485)
PC8.Signal=UART5_DE
PC9.Locked=true
PC9.Mode=RGB888
PC9.Signal=LTDC_B2
PD0.Locked=true
PD0.Mode=mmc_4_bits_Wide_bus
PD0.Signal=SDMMC3_CMD
PD1.Mode=mmc_4_bits_Wide_bus
PD1.Signal=SDMMC3_D0
PD10.Locked=true
PD10.Mode=RGB888
PD10.Signal=LTDC_B3
PD11.Mode=SAI_A_MasterWithClock
PD11.Signal=SAI2_SD_A
PD12.Mode=SAI_A_MasterWithClock
PD12.Signal=SAI2_FS_A
PD13.Mode=SAI_A_MasterWithClock
PD13.Signal=SAI2_SCK_A
PD14.GPIOParameters=GPIO_Label
PD14.GPIO_Label=BL_PWM
PD14.Locked=true
PD14.Signal=S_TIM4_CH3
PD15.Locked=true
PD15.Mode=RGB888
PD15.Signal=LTDC_R1
PD2.Mode=Asynchronous
PD2.Signal=UART5_RX
PD3.Locked=true
PD3.Mode=mmc_8_bits_Wide_bus
PD3.Signal=SDMMC2_D7
PD4.Locked=true
PD4.Mode=mmc_4_bits_Wide_bus
PD4.Signal=SDMMC3_D1
PD5.Locked=true
PD5.Mode=mmc_4_bits_Wide_bus
PD5.Signal=SDMMC3_D2
PD6.Locked=true
PD6.Mode=SAI_A_SyncSlave
PD6.Signal=SAI1_SD_A
PD7.Locked=true
PD7.Mode=mmc_4_bits_Wide_bus
PD7.Signal=SDMMC3_D3
PD8.Locked=true
PD8.Mode=RGB888
PD8.Signal=LTDC_B7
PD9.Locked=true
PD9.Mode=RGB888
PD9.Signal=LTDC_B0
PE0.Locked=true
PE0.Mode=SAI_A_MasterWithClock
PE0.Signal=SAI2_MCLK_A
PE11.Mode=RGB888
PE11.Signal=LTDC_G3
PE12.Mode=RGB888
PE12.Signal=LTDC_B4
PE13.Locked=true
PE13.Mode=RGB888
PE13.Signal=LTDC_DE
PE14.Locked=true
PE14.Mode=RGB888
PE14.Signal=LTDC_G0
PE15.Mode=RGB888
PE15.Signal=LTDC_R7
PE2.Mode=I2C
PE2.Signal=I2C4_SCL
PE3.Locked=true
PE3.Mode=mmc_8_bits_Wide_bus
PE3.Signal=SDMMC2_CK
PE4.Locked=true
PE4.Mode=mmc_8_bits_Wide_bus
PE4.Signal=SDMMC2_D4
PE5.Locked=true
PE5.Mode=mmc_8_bits_Wide_bus
PE5.Signal=SDMMC2_D6
PE6.Mode=RGB888
PE6.Signal=LTDC_G1
PF11.Mode=RGB888
PF11.Signal=LTDC_G5
PF6.Locked=true
PF6.Mode=SAI_B_MasterWithClock
PF6.Signal=SAI1_SD_B
PF7.Locked=true
PF7.Mode=SAI_B_MasterWithClock
PF7.Signal=SAI1_MCLK_B
PF8.Locked=true
PF8.Mode=SAI_B_MasterWithClock
PF8.Signal=SAI1_SCK_B
PF9.Locked=true
PF9.Mode=SAI_B_MasterWithClock
PF9.Signal=SAI1_FS_B
PG10.Mode=SAI_B_SyncSlave
PG10.Signal=SAI2_SD_B
PG11.Locked=true
PG11.Mode=Asynchronous
PG11.Signal=UART4_TX
PG12.Mode=ETH PHY_INTN
PG12.Signal=ETH1_PHY_INTN
PG13.Locked=true
PG13.Mode=RGB888
PG13.Signal=LTDC_R0
PG14.Locked=true
PG14.Mode=RMII (Reduced MII)
PG14.Signal=ETH1_TXD1
PG15.Locked=true
PG15.Mode=mmc_4_bits_Wide_bus
PG15.Signal=SDMMC3_CK
PG6.Locked=true
PG6.Mode=mmc_8_bits_Wide_bus
PG6.Signal=SDMMC2_CMD
PG7.Locked=true
PG7.Mode=RGB888
PG7.Signal=LTDC_CLK
PG8.Locked=true
PG8.Mode=RGB888
PG8.Signal=LTDC_G7
PG9.Locked=true
PG9.Signal=SAI2_FS_B
PinOutPanel.CurrentBGAView=Top
PinOutPanel.RotationAngle=0
ProjectManager.AskForMigrate=true
ProjectManager.BackupPrevious=false
ProjectManager.CompilerOptimize=6
ProjectManager.ComputerToolchain=false
ProjectManager.CoupleFile=false
ProjectManager.CustomerFirmwarePackage=
ProjectManager.DefaultFWLocation=true
ProjectManager.DeletePrevious=true
ProjectManager.DeviceId=STM32MP157AADx
ProjectManager.DeviceTreeLocation=/home/slivings/Projects/stm32mp15-v3.0.0/hlio-rcd-dist/layers/meta-st/meta-hlio-rcd/mx/CA7/DeviceTree/
ProjectManager.FirmwarePackage=STM32Cube FW_MP1 V1.4.0
ProjectManager.FreePins=false
ProjectManager.HalAssertFull=false
ProjectManager.HeapSize=0x200
ProjectManager.KeepUserCode=true
ProjectManager.LastFirmware=true
ProjectManager.LibraryCopy=0
ProjectManager.MainLocation=Core/Src
ProjectManager.NoMain=false
ProjectManager.PreviousToolchain=
ProjectManager.ProjectBuild=false
ProjectManager.ProjectFileName=right_cost_display.ioc
ProjectManager.ProjectName=right_cost_display
ProjectManager.RegisterCallBack=
ProjectManager.StackSize=0x400
ProjectManager.TargetToolchain=EWARM V8.32
ProjectManager.ToolChainLocation=
ProjectManager.UnderRoot=false
ProjectManager.functionlistsort=1-MX_DMA_Init-DMA-false-HAL-true,2-SystemClock_Config-RCC-false-HAL-false,3-MX_ETZPC_Init-ETZPC-false-HAL-true,4-MX_IPCC_Init-IPCC-false-HAL-true,0-MX_PWR_Init-PWR-false-HAL-true
RCC.ADCFreq_Value=50000000
RCC.AHB1234Freq_Value=64000000
RCC.APB1Freq_Value=64000000
RCC.APB2Freq_Value=64000000
RCC.APB3Freq_Value=64000000
RCC.APB4Freq_Value=64000000
RCC.APB5DIVClockFreq_Value=64000000
RCC.AXICLKFreq_VALUE=64000000
RCC.AXIDIVFreq_Value=64000000
RCC.CECCLockSelection=RCC_CECCLKSOURCE_CSI122
RCC.CECFreq_Value=32786.88524590164
RCC.CKPERCLKFreq_VALUE=64000000
RCC.CSI_VALUE=4000000
RCC.CortexFreq_Value=64000000
RCC.DACCLKFreq_VALUE=32000
RCC.DDRCFreq_Value=400000000
RCC.DDRPERFMFreq_Value=400000000
RCC.DDRPHYFreq_Value=400000000
RCC.DFSDFAFreq_Value=80000000
RCC.DFSDMFreq_Value=64000000
RCC.DIVM2=4
RCC.DIVM3=4
RCC.DIVM4=4
RCC.DIVP1Freq_Value=50000000
RCC.DIVP2Freq_Value=200000000
RCC.DIVP3Freq_Value=200000000
RCC.DIVP4=4
RCC.DIVP4Freq_Value=100000000
RCC.DIVQ1Freq_Value=25000000
RCC.DIVQ2=1
RCC.DIVQ2Freq_Value=400000000
RCC.DIVQ3=4
RCC.DIVQ3Freq_Value=100000000
RCC.DIVQ4=5
RCC.DIVQ4Freq_Value=80000000
RCC.DIVR1Freq_Value=25000000
RCC.DIVR2=1
RCC.DIVR2Freq_Value=400000000
RCC.DIVR3Freq_Value=200000000
RCC.DIVR4=8
RCC.DIVR4Freq_Value=50000000
RCC.DSIFreq_Value=60000000
RCC.DSIPixelFreq_Value=80000000
RCC.DSITXEscFreq_Value=15000000
RCC.DSI_VALUE=60000000
RCC.ETHFreq_Value=100000000
RCC.FDCANCLockSelection=RCC_FDCANCLKSOURCE_PLL3
RCC.FDCANFreq_Value=100000000
RCC.FMCFreq_Value=64000000
RCC.FamilyName=M
RCC.HSE_VALUE=24000000
RCC.HSIDivClkFreq_Value=64000000
RCC.HSI_VALUE=64000000
RCC.Hclk5DIVFreq_Value=64000000
RCC.Hclk6DIVFreq_Value=64000000
RCC.I2C12Freq_Value=64000000
RCC.I2C35Freq_Value=64000000
RCC.I2C46Freq_Value=64000000
RCC.IPParameters=ADCFreq_Value,AHB1234Freq_Value,APB1Freq_Value,APB2Freq_Value,APB3Freq_Value,APB4Freq_Value,APB5DIVClockFreq_Value,AXICLKFreq_VALUE,AXIDIVFreq_Value,CECCLockSelection,CECFreq_Value,CKPERCLKFreq_VALUE,CSI_VALUE,CortexFreq_Value,DACCLKFreq_VALUE,DDRCFreq_Value,DDRPERFMFreq_Value,DDRPHYFreq_Value,DFSDFAFreq_Value,DFSDMFreq_Value,DIVM2,DIVM3,DIVM4,DIVP1Freq_Value,DIVP2Freq_Value,DIVP3Freq_Value,DIVP4,DIVP4Freq_Value,DIVQ1Freq_Value,DIVQ2,DIVQ2Freq_Value,DIVQ3,DIVQ3Freq_Value,DIVQ4,DIVQ4Freq_Value,DIVR1Freq_Value,DIVR2,DIVR2Freq_Value,DIVR3Freq_Value,DIVR4,DIVR4Freq_Value,DSIFreq_Value,DSIPixelFreq_Value,DSITXEscFreq_Value,DSI_VALUE,ETHFreq_Value,FDCANCLockSelection,FDCANFreq_Value,FMCFreq_Value,FamilyName,HSE_VALUE,HSIDivClkFreq_Value,HSI_VALUE,Hclk5DIVFreq_Value,Hclk6DIVFreq_Value,I2C12Freq_Value,I2C35Freq_Value,I2C46Freq_Value,LPTIM1Freq_Value,LPTIM23Freq_Value,LPTIM45Freq_Value,LSE_VALUE,LSI_VALUE,LTDCFreq_Value,MCO1PinFreq_Value,MCO2PinFreq_Value,MCUCLKFreq_VALUE,MCUClockFreq_Value,MCUDIVCLKFreq_Value,MPUCLKFreq_VALUE,PLL2FRACV,PLL3FRACV,PLL4FRACV,PLL4PDSIFreq_Value,PLLDSIFreq_Value,PLLDSIVCOFreq_Value,PUBLFreq_Value,QSPIFreq_Value,RNG1Freq_Value,RNG2Freq_Value,RTCFreq_Value,SAI1Freq_Value,SAI2Freq_Value,SAI3Freq_Value,SAI4Freq_Value,SDMMC12Freq_Value,SDMMC3Freq_Value,SPDIFRXFreq_Value,SPI1Freq_Value,SPI23Freq_Value,SPI45Freq_Value,SPI6Freq_Value,STGENFreq_Value,Tim1OutputFreq_Value,Tim2OutputFreq_Value,UART78Freq_Value,USART1Freq_Value,USART24Freq_Value,USART35Freq_Value,USART6Freq_Value,USBOHSFreq_Value,USBPHYFreq_Value,VCO1OutputFreq_Value,VCO2OutputFreq_Value,VCO3OutputFreq_Value,VCO4OutputFreq_Value,VCOInput1Freq_Value,VCOInput2Freq_Value,VCOInput3Freq_Value,VCOInput4Freq_Value
RCC.LPTIM1Freq_Value=64000000
RCC.LPTIM23Freq_Value=64000000
RCC.LPTIM45Freq_Value=64000000
RCC.LSE_VALUE=32768
RCC.LSI_VALUE=32000
RCC.LTDCFreq_Value=80000000
RCC.MCO1PinFreq_Value=64000000
RCC.MCO2PinFreq_Value=64000000
RCC.MCUCLKFreq_VALUE=64000000
RCC.MCUClockFreq_Value=64000000
RCC.MCUDIVCLKFreq_Value=64000000
RCC.MPUCLKFreq_VALUE=64000000
RCC.PLL2FRACV=0
RCC.PLL3FRACV=0
RCC.PLL4FRACV=0
RCC.PLL4PDSIFreq_Value=100000000
RCC.PLLDSIFreq_Value=480000000
RCC.PLLDSIVCOFreq_Value=960000000
RCC.PUBLFreq_Value=400000000
RCC.QSPIFreq_Value=64000000
RCC.RNG1Freq_Value=4000000
RCC.RNG2Freq_Value=4000000
RCC.RTCFreq_Value=32000
RCC.SAI1Freq_Value=80000000
RCC.SAI2Freq_Value=80000000
RCC.SAI3Freq_Value=80000000
RCC.SAI4Freq_Value=80000000
RCC.SDMMC12Freq_Value=64000000
RCC.SDMMC3Freq_Value=64000000
RCC.SPDIFRXFreq_Value=100000000
RCC.SPI1Freq_Value=100000000
RCC.SPI23Freq_Value=100000000
RCC.SPI45Freq_Value=64000000
RCC.SPI6Freq_Value=64000000
RCC.STGENFreq_Value=64000000
RCC.Tim1OutputFreq_Value=64000000
RCC.Tim2OutputFreq_Value=64000000
RCC.UART78Freq_Value=64000000
RCC.USART1Freq_Value=64000000
RCC.USART24Freq_Value=64000000
RCC.USART35Freq_Value=64000000
RCC.USART6Freq_Value=64000000
RCC.USBOHSFreq_Value=50000000
RCC.USBPHYFreq_Value=50000000
RCC.VCO1OutputFreq_Value=100000000
RCC.VCO2OutputFreq_Value=800000000
RCC.VCO3OutputFreq_Value=400000000
RCC.VCO4OutputFreq_Value=400000000
RCC.VCOInput1Freq_Value=2000000
RCC.VCOInput2Freq_Value=16000000
RCC.VCOInput3Freq_Value=16000000
RCC.VCOInput4Freq_Value=16000000
SAI1.ErrorAudioFreq-SAI_B_MasterWithClock=-18.61 %
SAI1.IPParameters=Instance-SAI_B_MasterWithClock,VirtualMode-SAI_B_MasterWithClock,MckOutput-SAI_B_MasterWithClock,RealAudioFreq-SAI_B_MasterWithClock,ErrorAudioFreq-SAI_B_MasterWithClock,Instance-SAI_A_SyncSlave,VirtualMode-SAI_A_SyncSlave
SAI1.Instance-SAI_A_SyncSlave=SAI$Index_Block_A
SAI1.Instance-SAI_B_MasterWithClock=SAI$Index_Block_B
SAI1.MckOutput-SAI_B_MasterWithClock=SAI_MCK_OUTPUT_ENABLE
SAI1.RealAudioFreq-SAI_B_MasterWithClock=156.25 KHz
SAI1.VirtualMode-SAI_A_SyncSlave=VM_SLAVE
SAI1.VirtualMode-SAI_B_MasterWithClock=VM_MASTER
SAI2.ErrorAudioFreq-SAI_A_MasterWithClock=-18.61 %
SAI2.IPParameters=Instance-SAI_A_MasterWithClock,VirtualMode-SAI_A_MasterWithClock,MckOutput-SAI_A_MasterWithClock,RealAudioFreq-SAI_A_MasterWithClock,ErrorAudioFreq-SAI_A_MasterWithClock,Instance-SAI_B_SyncSlave,VirtualMode-SAI_B_SyncSlave
SAI2.Instance-SAI_A_MasterWithClock=SAI$Index_Block_A
SAI2.Instance-SAI_B_SyncSlave=SAI$Index_Block_B
SAI2.MckOutput-SAI_A_MasterWithClock=SAI_MCK_OUTPUT_ENABLE
SAI2.RealAudioFreq-SAI_A_MasterWithClock=156.25 KHz
SAI2.VirtualMode-SAI_A_MasterWithClock=VM_MASTER
SAI2.VirtualMode-SAI_B_SyncSlave=VM_SLAVE
SH.ADCx_INP12.0=ADC1_INP12,IN12-Single-Ended
SH.ADCx_INP12.ConfNb=1
SH.ADCx_INP13.0=ADC1_INP13,IN13-Single-Ended
SH.ADCx_INP13.ConfNb=1
SH.ADCx_INP5.0=ADC1_INP5,IN5-Single-Ended
SH.ADCx_INP5.ConfNb=1
SH.S_TIM4_CH1.0=TIM4_CH1,PWM Generation1 CH1
SH.S_TIM4_CH1.ConfNb=1
SH.S_TIM4_CH3.0=TIM4_CH3,PWM Generation3 CH3
SH.S_TIM4_CH3.ConfNb=1
TIM4.Channel-PWM\ Generation1\ CH1=TIM_CHANNEL_1
TIM4.Channel-PWM\ Generation3\ CH3=TIM_CHANNEL_3
TIM4.IPParameters=Channel-PWM Generation3 CH3,Channel-PWM Generation1 CH1
USART1.IPParameters=VirtualMode-Asynchronous
USART1.VirtualMode-Asynchronous=VM_ASYNC
USB_DM1.Mode=Enable
USB_DM1.Signal=USBH_HS1_DM
USB_DM2.Mode=Ext_Phy_OTG/Dual-Role-Device-TypeC
USB_DM2.Signal=USB_OTG_HS_DM
USB_DP1.Mode=Enable
USB_DP1.Signal=USBH_HS1_DP
USB_DP2.Mode=Ext_Phy_OTG/Dual-Role-Device-TypeC
USB_DP2.Signal=USB_OTG_HS_DP
VP_BSEC_VS_BSEC.Mode=BSEC_Activate
VP_BSEC_VS_BSEC.Signal=BSEC_VS_BSEC
VP_DDR_DDR3.Mode=DDR3
VP_DDR_DDR3.Signal=DDR_DDR3
VP_DDR_DDR3_16_8Gb.Mode=8Gb_16bits
VP_DDR_DDR3_16_8Gb.Signal=DDR_DDR3_16_8Gb
VP_DDR_DDR_16_bits.Mode=16bits
VP_DDR_DDR_16_bits.Signal=DDR_DDR_16_bits
VP_DMA_VS_DMA1_A7NS.Mode=CortexA7NS
VP_DMA_VS_DMA1_A7NS.Signal=DMA_VS_DMA1_A7NS
VP_DMA_VS_DMA2_M4.Mode=CortexM4
VP_DMA_VS_DMA2_M4.Signal=DMA_VS_DMA2_M4
VP_DTS_VS_DTS.Mode=DTS_Activate
VP_DTS_VS_DTS.Signal=DTS_VS_DTS
VP_ETZPC_VS_ETZPC.Mode=ETZPC_Activate
VP_ETZPC_VS_ETZPC.Signal=ETZPC_VS_ETZPC
VP_GPU_VS_GPU.Mode=GPU_Activate
VP_GPU_VS_GPU.Signal=GPU_VS_GPU
VP_HSEM_VS_HSEM.Mode=HSEM_Activate
VP_HSEM_VS_HSEM.Signal=HSEM_VS_HSEM
VP_IPCC_VS_IPCC.Mode=IPCC_Activate
VP_IPCC_VS_IPCC.Signal=IPCC_VS_IPCC
VP_IWDG2_VS_IWDG.Mode=IWDG_Activate
VP_IWDG2_VS_IWDG.Signal=IWDG2_VS_IWDG
VP_MDMA_VS_MDMA_A7NS_8.Mode=8\:8
VP_MDMA_VS_MDMA_A7NS_8.Signal=MDMA_VS_MDMA_A7NS_8
VP_PWR_V_PVD_IN.Mode=Mode_PVD_Int
VP_PWR_V_PVD_IN.Signal=PWR_V_PVD_IN
VP_RTC_VS_RTC_Activate.Mode=RTC_Enabled
VP_RTC_VS_RTC_Activate.Signal=RTC_VS_RTC_Activate
VP_SYS_VS_Systick.Mode=SysTick
VP_SYS_VS_Systick.Signal=SYS_VS_Systick
VP_TAMP_VS_TAMP_Activate.Mode=TAMP_Enabled
VP_TAMP_VS_TAMP_Activate.Signal=TAMP_VS_TAMP_Activate
board=custom
